# THIS IS AN AUTOGENERATED FILE. DO NOT EDIT THIS FILE DIRECTLY.
# yarn lockfile v1


"@babel/parser@^7.24.1":
  version "7.24.4"
  resolved "https://registry.yarnpkg.com/@babel/parser/-/parser-7.24.4.tgz#234487a110d89ad5a3ed4a8a566c36b9453e8c88"
  integrity sha512-zTvEBcghmeBma9QIGunWevvBAp4/Qu9Bdq+2k0Ot4fVMD6v3dsC9WOcRSKk7tRRyBM/53yKMJko9xOatGQAwSg==

"@esbuild/aix-ppc64@0.20.2":
  version "0.20.2"
  resolved "https://registry.yarnpkg.com/@esbuild/aix-ppc64/-/aix-ppc64-0.20.2.tgz#a70f4ac11c6a1dfc18b8bbb13284155d933b9537"
  integrity sha512-D+EBOJHXdNZcLJRBkhENNG8Wji2kgc9AZ9KiPr1JuZjsNtyHzrsfLRrY0tk2H2aoFu6RANO1y1iPPUCDYWkb5g==

"@esbuild/android-arm64@0.20.2":
  version "0.20.2"
  resolved "https://registry.yarnpkg.com/@esbuild/android-arm64/-/android-arm64-0.20.2.tgz#db1c9202a5bc92ea04c7b6840f1bbe09ebf9e6b9"
  integrity sha512-mRzjLacRtl/tWU0SvD8lUEwb61yP9cqQo6noDZP/O8VkwafSYwZ4yWy24kan8jE/IMERpYncRt2dw438LP3Xmg==

"@esbuild/android-arm@0.20.2":
  version "0.20.2"
  resolved "https://registry.yarnpkg.com/@esbuild/android-arm/-/android-arm-0.20.2.tgz#3b488c49aee9d491c2c8f98a909b785870d6e995"
  integrity sha512-t98Ra6pw2VaDhqNWO2Oph2LXbz/EJcnLmKLGBJwEwXX/JAN83Fym1rU8l0JUWK6HkIbWONCSSatf4sf2NBRx/w==

"@esbuild/android-x64@0.20.2":
  version "0.20.2"
  resolved "https://registry.yarnpkg.com/@esbuild/android-x64/-/android-x64-0.20.2.tgz#3b1628029e5576249d2b2d766696e50768449f98"
  integrity sha512-btzExgV+/lMGDDa194CcUQm53ncxzeBrWJcncOBxuC6ndBkKxnHdFJn86mCIgTELsooUmwUm9FkhSp5HYu00Rg==

"@esbuild/darwin-arm64@0.20.2":
  version "0.20.2"
  resolved "https://registry.yarnpkg.com/@esbuild/darwin-arm64/-/darwin-arm64-0.20.2.tgz#6e8517a045ddd86ae30c6608c8475ebc0c4000bb"
  integrity sha512-4J6IRT+10J3aJH3l1yzEg9y3wkTDgDk7TSDFX+wKFiWjqWp/iCfLIYzGyasx9l0SAFPT1HwSCR+0w/h1ES/MjA==

"@esbuild/darwin-x64@0.20.2":
  version "0.20.2"
  resolved "https://registry.yarnpkg.com/@esbuild/darwin-x64/-/darwin-x64-0.20.2.tgz#90ed098e1f9dd8a9381695b207e1cff45540a0d0"
  integrity sha512-tBcXp9KNphnNH0dfhv8KYkZhjc+H3XBkF5DKtswJblV7KlT9EI2+jeA8DgBjp908WEuYll6pF+UStUCfEpdysA==

"@esbuild/freebsd-arm64@0.20.2":
  version "0.20.2"
  resolved "https://registry.yarnpkg.com/@esbuild/freebsd-arm64/-/freebsd-arm64-0.20.2.tgz#d71502d1ee89a1130327e890364666c760a2a911"
  integrity sha512-d3qI41G4SuLiCGCFGUrKsSeTXyWG6yem1KcGZVS+3FYlYhtNoNgYrWcvkOoaqMhwXSMrZRl69ArHsGJ9mYdbbw==

"@esbuild/freebsd-x64@0.20.2":
  version "0.20.2"
  resolved "https://registry.yarnpkg.com/@esbuild/freebsd-x64/-/freebsd-x64-0.20.2.tgz#aa5ea58d9c1dd9af688b8b6f63ef0d3d60cea53c"
  integrity sha512-d+DipyvHRuqEeM5zDivKV1KuXn9WeRX6vqSqIDgwIfPQtwMP4jaDsQsDncjTDDsExT4lR/91OLjRo8bmC1e+Cw==

"@esbuild/linux-arm64@0.20.2":
  version "0.20.2"
  resolved "https://registry.yarnpkg.com/@esbuild/linux-arm64/-/linux-arm64-0.20.2.tgz#055b63725df678379b0f6db9d0fa85463755b2e5"
  integrity sha512-9pb6rBjGvTFNira2FLIWqDk/uaf42sSyLE8j1rnUpuzsODBq7FvpwHYZxQ/It/8b+QOS1RYfqgGFNLRI+qlq2A==

"@esbuild/linux-arm@0.20.2":
  version "0.20.2"
  resolved "https://registry.yarnpkg.com/@esbuild/linux-arm/-/linux-arm-0.20.2.tgz#76b3b98cb1f87936fbc37f073efabad49dcd889c"
  integrity sha512-VhLPeR8HTMPccbuWWcEUD1Az68TqaTYyj6nfE4QByZIQEQVWBB8vup8PpR7y1QHL3CpcF6xd5WVBU/+SBEvGTg==

"@esbuild/linux-ia32@0.20.2":
  version "0.20.2"
  resolved "https://registry.yarnpkg.com/@esbuild/linux-ia32/-/linux-ia32-0.20.2.tgz#c0e5e787c285264e5dfc7a79f04b8b4eefdad7fa"
  integrity sha512-o10utieEkNPFDZFQm9CoP7Tvb33UutoJqg3qKf1PWVeeJhJw0Q347PxMvBgVVFgouYLGIhFYG0UGdBumROyiig==

"@esbuild/linux-loong64@0.20.2":
  version "0.20.2"
  resolved "https://registry.yarnpkg.com/@esbuild/linux-loong64/-/linux-loong64-0.20.2.tgz#a6184e62bd7cdc63e0c0448b83801001653219c5"
  integrity sha512-PR7sp6R/UC4CFVomVINKJ80pMFlfDfMQMYynX7t1tNTeivQ6XdX5r2XovMmha/VjR1YN/HgHWsVcTRIMkymrgQ==

"@esbuild/linux-mips64el@0.20.2":
  version "0.20.2"
  resolved "https://registry.yarnpkg.com/@esbuild/linux-mips64el/-/linux-mips64el-0.20.2.tgz#d08e39ce86f45ef8fc88549d29c62b8acf5649aa"
  integrity sha512-4BlTqeutE/KnOiTG5Y6Sb/Hw6hsBOZapOVF6njAESHInhlQAghVVZL1ZpIctBOoTFbQyGW+LsVYZ8lSSB3wkjA==

"@esbuild/linux-ppc64@0.20.2":
  version "0.20.2"
  resolved "https://registry.yarnpkg.com/@esbuild/linux-ppc64/-/linux-ppc64-0.20.2.tgz#8d252f0b7756ffd6d1cbde5ea67ff8fd20437f20"
  integrity sha512-rD3KsaDprDcfajSKdn25ooz5J5/fWBylaaXkuotBDGnMnDP1Uv5DLAN/45qfnf3JDYyJv/ytGHQaziHUdyzaAg==

"@esbuild/linux-riscv64@0.20.2":
  version "0.20.2"
  resolved "https://registry.yarnpkg.com/@esbuild/linux-riscv64/-/linux-riscv64-0.20.2.tgz#19f6dcdb14409dae607f66ca1181dd4e9db81300"
  integrity sha512-snwmBKacKmwTMmhLlz/3aH1Q9T8v45bKYGE3j26TsaOVtjIag4wLfWSiZykXzXuE1kbCE+zJRmwp+ZbIHinnVg==

"@esbuild/linux-s390x@0.20.2":
  version "0.20.2"
  resolved "https://registry.yarnpkg.com/@esbuild/linux-s390x/-/linux-s390x-0.20.2.tgz#3c830c90f1a5d7dd1473d5595ea4ebb920988685"
  integrity sha512-wcWISOobRWNm3cezm5HOZcYz1sKoHLd8VL1dl309DiixxVFoFe/o8HnwuIwn6sXre88Nwj+VwZUvJf4AFxkyrQ==

"@esbuild/linux-x64@0.20.2":
  version "0.20.2"
  resolved "https://registry.yarnpkg.com/@esbuild/linux-x64/-/linux-x64-0.20.2.tgz#86eca35203afc0d9de0694c64ec0ab0a378f6fff"
  integrity sha512-1MdwI6OOTsfQfek8sLwgyjOXAu+wKhLEoaOLTjbijk6E2WONYpH9ZU2mNtR+lZ2B4uwr+usqGuVfFT9tMtGvGw==

"@esbuild/netbsd-x64@0.20.2":
  version "0.20.2"
  resolved "https://registry.yarnpkg.com/@esbuild/netbsd-x64/-/netbsd-x64-0.20.2.tgz#e771c8eb0e0f6e1877ffd4220036b98aed5915e6"
  integrity sha512-K8/DhBxcVQkzYc43yJXDSyjlFeHQJBiowJ0uVL6Tor3jGQfSGHNNJcWxNbOI8v5k82prYqzPuwkzHt3J1T1iZQ==

"@esbuild/openbsd-x64@0.20.2":
  version "0.20.2"
  resolved "https://registry.yarnpkg.com/@esbuild/openbsd-x64/-/openbsd-x64-0.20.2.tgz#9a795ae4b4e37e674f0f4d716f3e226dd7c39baf"
  integrity sha512-eMpKlV0SThJmmJgiVyN9jTPJ2VBPquf6Kt/nAoo6DgHAoN57K15ZghiHaMvqjCye/uU4X5u3YSMgVBI1h3vKrQ==

"@esbuild/sunos-x64@0.20.2":
  version "0.20.2"
  resolved "https://registry.yarnpkg.com/@esbuild/sunos-x64/-/sunos-x64-0.20.2.tgz#7df23b61a497b8ac189def6e25a95673caedb03f"
  integrity sha512-2UyFtRC6cXLyejf/YEld4Hajo7UHILetzE1vsRcGL3earZEW77JxrFjH4Ez2qaTiEfMgAXxfAZCm1fvM/G/o8w==

"@esbuild/win32-arm64@0.20.2":
  version "0.20.2"
  resolved "https://registry.yarnpkg.com/@esbuild/win32-arm64/-/win32-arm64-0.20.2.tgz#f1ae5abf9ca052ae11c1bc806fb4c0f519bacf90"
  integrity sha512-GRibxoawM9ZCnDxnP3usoUDO9vUkpAxIIZ6GQI+IlVmr5kP3zUq+l17xELTHMWTWzjxa2guPNyrpq1GWmPvcGQ==

"@esbuild/win32-ia32@0.20.2":
  version "0.20.2"
  resolved "https://registry.yarnpkg.com/@esbuild/win32-ia32/-/win32-ia32-0.20.2.tgz#241fe62c34d8e8461cd708277813e1d0ba55ce23"
  integrity sha512-HfLOfn9YWmkSKRQqovpnITazdtquEW8/SoHW7pWpuEeguaZI4QnCRW6b+oZTztdBnZOS2hqJ6im/D5cPzBTTlQ==

"@esbuild/win32-x64@0.20.2":
  version "0.20.2"
  resolved "https://registry.yarnpkg.com/@esbuild/win32-x64/-/win32-x64-0.20.2.tgz#9c907b21e30a52db959ba4f80bb01a0cc403d5cc"
  integrity sha512-N49X4lJX27+l9jbLKSqZ6bKNjzQvHaT8IIFUy+YIqmXQdjYCToGWwOItDrfby14c78aDd5NHQl29xingXfCdLQ==

"@fortawesome/fontawesome-common-types@6.5.2":
  version "6.5.2"
  resolved "https://registry.yarnpkg.com/@fortawesome/fontawesome-common-types/-/fontawesome-common-types-6.5.2.tgz#eaf2f5699f73cef198454ebc0c414e3688898179"
  integrity sha512-gBxPg3aVO6J0kpfHNILc+NMhXnqHumFxOmjYCFfOiLZfwhnnfhtsdA2hfJlDnj+8PjAs6kKQPenOTKj3Rf7zHw==

"@fortawesome/fontawesome-svg-core@^6.1.1":
  version "6.5.2"
  resolved "https://registry.yarnpkg.com/@fortawesome/fontawesome-svg-core/-/fontawesome-svg-core-6.5.2.tgz#4b42de71e196039b0d5ccf88559b8044e3296c21"
  integrity sha512-5CdaCBGl8Rh9ohNdxeeTMxIj8oc3KNBgIeLMvJosBMdslK/UnEB8rzyDRrbKdL1kDweqBPo4GT9wvnakHWucZw==
  dependencies:
    "@fortawesome/fontawesome-common-types" "6.5.2"

"@fortawesome/free-brands-svg-icons@^6.1.1":
  version "6.5.2"
  resolved "https://registry.yarnpkg.com/@fortawesome/free-brands-svg-icons/-/free-brands-svg-icons-6.5.2.tgz#bfca0cebd2c4713dc93244e1fa8b384f1f023587"
  integrity sha512-zi5FNYdmKLnEc0jc0uuHH17kz/hfYTg4Uei0wMGzcoCL/4d3WM3u1VMc0iGGa31HuhV5i7ZK8ZlTCQrHqRHSGQ==
  dependencies:
    "@fortawesome/fontawesome-common-types" "6.5.2"

"@fortawesome/free-regular-svg-icons@^6.1.1":
  version "6.5.2"
  resolved "https://registry.yarnpkg.com/@fortawesome/free-regular-svg-icons/-/free-regular-svg-icons-6.5.2.tgz#e8e04b4368d49920abdf1bacc63c67c870635222"
  integrity sha512-iabw/f5f8Uy2nTRtJ13XZTS1O5+t+anvlamJ3zJGLEVE2pKsAWhPv2lq01uQlfgCX7VaveT3EVs515cCN9jRbw==
  dependencies:
    "@fortawesome/fontawesome-common-types" "6.5.2"

"@fortawesome/free-solid-svg-icons@^6.1.1":
  version "6.5.2"
  resolved "https://registry.yarnpkg.com/@fortawesome/free-solid-svg-icons/-/free-solid-svg-icons-6.5.2.tgz#9b40b077b27400a5e9fcbf2d15b986c7be69e9ca"
  integrity sha512-QWFZYXFE7O1Gr1dTIp+D6UcFUF0qElOnZptpi7PBUMylJh+vFmIedVe1Ir6RM1t2tEQLLSV1k7bR4o92M+uqlw==
  dependencies:
    "@fortawesome/fontawesome-common-types" "6.5.2"

"@fortawesome/vue-fontawesome@^3.0.1":
  version "3.0.6"
  resolved "https://registry.yarnpkg.com/@fortawesome/vue-fontawesome/-/vue-fontawesome-3.0.6.tgz#c5e627475c10869a091280610c96411d18206f3a"
  integrity sha512-akrL7lTroyNpPkoHtvK2UpsMzJr6jXdHaQ0YdcwqDsB8jdwlpNHZYijpOUd9KJsARr+VB3WXY4EyObepqJ4ytQ==

"@jridgewell/sourcemap-codec@^1.4.15":
  version "1.4.15"
  resolved "https://registry.yarnpkg.com/@jridgewell/sourcemap-codec/-/sourcemap-codec-1.4.15.tgz#d7c6e6755c78567a951e04ab52ef0fd26de59f32"
  integrity sha512-eF2rxCRulEKXHTRiDrDy6erMYWqNw4LPdQ8UQA4huuxaQsVeRPFl2oM8oDGxMFhJUWZf9McpLtJasDDZb/Bpeg==

"@rollup/rollup-android-arm-eabi@4.15.0":
  version "4.15.0"
  resolved "https://registry.yarnpkg.com/@rollup/rollup-android-arm-eabi/-/rollup-android-arm-eabi-4.15.0.tgz#28c9c79c5baccb59a96afcf60e428ea6965a5579"
  integrity sha512-O63bJ7p909pRRQfOJ0k/Jp8gNFMud+ZzLLG5EBWquylHxmRT2k18M2ifg8WyjCgFVdpA7+rI0YZ8EkAtg6dSUw==

"@rollup/rollup-android-arm64@4.15.0":
  version "4.15.0"
  resolved "https://registry.yarnpkg.com/@rollup/rollup-android-arm64/-/rollup-android-arm64-4.15.0.tgz#a2bdafdb753ece571956289a5ba8c37af748bd0c"
  integrity sha512-5UywPdmC9jiVOShjQx4uuIcnTQOf85iA4jgg8bkFoH5NYWFfAfrJpv5eeokmTdSmYwUTT5IrcrBCJNkowhrZDA==

"@rollup/rollup-darwin-arm64@4.15.0":
  version "4.15.0"
  resolved "https://registry.yarnpkg.com/@rollup/rollup-darwin-arm64/-/rollup-darwin-arm64-4.15.0.tgz#4cb44cfec3068f6f76f70463ccc25f3e245af06a"
  integrity sha512-hNkt75uFfWpRxHItCBmbS0ba70WnibJh6yz60WShSWITLlVRbkvAu1E/c7RlliPY4ajhqJd0UPZz//gNalTd4g==

"@rollup/rollup-darwin-x64@4.15.0":
  version "4.15.0"
  resolved "https://registry.yarnpkg.com/@rollup/rollup-darwin-x64/-/rollup-darwin-x64-4.15.0.tgz#1035bfbf53e6acf16771191f41c3d3aff089e8f1"
  integrity sha512-HnC5bTP7qdfO9nUw/mBhNcjOEZfbS8NwV+nFegiMhYOn1ATAGZF4kfAxR9BuZevBrebWCxMmxm8NCU1CUoz+wQ==

"@rollup/rollup-linux-arm-gnueabihf@4.15.0":
  version "4.15.0"
  resolved "https://registry.yarnpkg.com/@rollup/rollup-linux-arm-gnueabihf/-/rollup-linux-arm-gnueabihf-4.15.0.tgz#0036b835f17ca9e84c188c419399493bd5739986"
  integrity sha512-QGOIQIJZeIIqMsc4BUGe8TnV4dkXhSW2EhaQ1G4LqMUNpkyeLztvlDlOoNHn7SR7a4dBANdcEbPkkEzz3rzjzA==

"@rollup/rollup-linux-arm-musleabihf@4.15.0":
  version "4.15.0"
  resolved "https://registry.yarnpkg.com/@rollup/rollup-linux-arm-musleabihf/-/rollup-linux-arm-musleabihf-4.15.0.tgz#c44420167203400ba7a707f8205413c2817cdaeb"
  integrity sha512-PS/Cp8CinYgoysQ8i4UXYH/TZl06fXszvY/RDkyBYgUB1+tKyOMS925/4FZhfrhkl3XQEKjMc3BKtsxpB9Tz9Q==

"@rollup/rollup-linux-arm64-gnu@4.15.0":
  version "4.15.0"
  resolved "https://registry.yarnpkg.com/@rollup/rollup-linux-arm64-gnu/-/rollup-linux-arm64-gnu-4.15.0.tgz#531d3792e1526583ecd794ceee0ab980d79813dd"
  integrity sha512-XzOsnD6lGDP+k+vGgTYAryVGu8N89qpjMN5BVFUj75dGVFP3FzIVAufJAraxirpDwEQZA7Gjs0Vo5p4UmnnjsA==

"@rollup/rollup-linux-arm64-musl@4.15.0":
  version "4.15.0"
  resolved "https://registry.yarnpkg.com/@rollup/rollup-linux-arm64-musl/-/rollup-linux-arm64-musl-4.15.0.tgz#86376eaa6d65a860a046e0dfe285a51792bc2026"
  integrity sha512-+ScJA4Epbx/ZQGjDnbvTAcb8ZD06b+TlIka2UkujbKf1I/A+yrvEcJwG3/27zMmvcWMQyeCJhbL9TlSjzL0B7Q==

"@rollup/rollup-linux-powerpc64le-gnu@4.15.0":
  version "4.15.0"
  resolved "https://registry.yarnpkg.com/@rollup/rollup-linux-powerpc64le-gnu/-/rollup-linux-powerpc64le-gnu-4.15.0.tgz#6adf69ce27d1266dbb86eeac237ad5dd4d4a1f28"
  integrity sha512-1cUSvYgnyTakM4FDyf/GxUCDcqmj/hUh1NOizEOJU7+D5xEfFGCxgcNOs3hYBeRMUCcGmGkt01EhD3ILgKpGHQ==

"@rollup/rollup-linux-riscv64-gnu@4.15.0":
  version "4.15.0"
  resolved "https://registry.yarnpkg.com/@rollup/rollup-linux-riscv64-gnu/-/rollup-linux-riscv64-gnu-4.15.0.tgz#961c290372d170f588ebf65c145c485c4aad7005"
  integrity sha512-3A1FbHDbBUvpJXFAZwVsiROIcstVHP9AX/cwnyIhAp+xyQ1cBCxywKtuzmw0Av1MDNNg/y/9dDHtNypfRa8bdw==

"@rollup/rollup-linux-s390x-gnu@4.15.0":
  version "4.15.0"
  resolved "https://registry.yarnpkg.com/@rollup/rollup-linux-s390x-gnu/-/rollup-linux-s390x-gnu-4.15.0.tgz#cb43301e10f17f0a642416c5d3d82a26cf430fa8"
  integrity sha512-hYPbhg9ow6/mXIkojc8LOeiip2sCTuw1taWyoOXTOWk9vawIXz8x7B4KkgWUAtvAElssxhSyEXr2EZycH/FGzQ==

"@rollup/rollup-linux-x64-gnu@4.15.0":
  version "4.15.0"
  resolved "https://registry.yarnpkg.com/@rollup/rollup-linux-x64-gnu/-/rollup-linux-x64-gnu-4.15.0.tgz#25c1fb87b2255949ee7ff6956e205710c5d7c414"
  integrity sha512-511qln5mPSUKwv7HI28S1jCD1FK+2WbX5THM9A9annr3c1kzmfnf8Oe3ZakubEjob3IV6OPnNNcesfy+adIrmw==

"@rollup/rollup-linux-x64-musl@4.15.0":
  version "4.15.0"
  resolved "https://registry.yarnpkg.com/@rollup/rollup-linux-x64-musl/-/rollup-linux-x64-musl-4.15.0.tgz#145745e339e282c7afc36142bd5a3f9495c7c681"
  integrity sha512-4qKKGTDIv2bQZ+afhPWqPL+94+dLtk4lw1iwbcylKlLNqQ/Yyjof2CFYBxf6npiDzPV+zf4EWRiHb26/4Vsm9w==

"@rollup/rollup-win32-arm64-msvc@4.15.0":
  version "4.15.0"
  resolved "https://registry.yarnpkg.com/@rollup/rollup-win32-arm64-msvc/-/rollup-win32-arm64-msvc-4.15.0.tgz#95dae687b645a25aab3a082d987556f58274ffbe"
  integrity sha512-nEtaFBHp1OnbOf+tz66DtID579sNRHGgMC23to8HUyVuOCpCMD0CvRNqiDGLErLNnwApWIUtUl1VvuovCWUxwg==

"@rollup/rollup-win32-ia32-msvc@4.15.0":
  version "4.15.0"
  resolved "https://registry.yarnpkg.com/@rollup/rollup-win32-ia32-msvc/-/rollup-win32-ia32-msvc-4.15.0.tgz#acbd48f10093e6cd52f99ad004966433a49cb362"
  integrity sha512-5O49NykwSgX6iT2HgZ6cAoGHt6T/FqNMB5OqFOGxU/y1GyFSHquox1sK2OqApQc0ANxiHFQEMNDLNVCL7AUDnQ==

"@rollup/rollup-win32-x64-msvc@4.15.0":
  version "4.15.0"
  resolved "https://registry.yarnpkg.com/@rollup/rollup-win32-x64-msvc/-/rollup-win32-x64-msvc-4.15.0.tgz#68bb584231dfc8e36bb7ad5317dfd1fd2563a6f7"
  integrity sha512-YA0hTwCunmKNeTOFWdJuKhdXse9jBqgo34FDo+9aS0spfCkp+wj0o1bCcOOTu+0P48O95GTfkLTAaVonwNuIdQ==

"@types/estree@1.0.5":
  version "1.0.5"
  resolved "https://registry.yarnpkg.com/@types/estree/-/estree-1.0.5.tgz#a6ce3e556e00fd9895dd872dd172ad0d4bd687f4"
  integrity sha512-/kYRxGDLWzHOB7q+wtSUQlFrtcdUccpfy+X+9iMBpHK8QLLhx2wIPYuS5DYtR9Wa/YlZAbIovy7qVdB1Aq6Lyw==

"@vitejs/plugin-vue@^5.0.0":
  version "5.0.4"
  resolved "https://registry.yarnpkg.com/@vitejs/plugin-vue/-/plugin-vue-5.0.4.tgz#508d6a0f2440f86945835d903fcc0d95d1bb8a37"
  integrity sha512-WS3hevEszI6CEVEx28F8RjTX97k3KsrcY6kvTg7+Whm5y3oYvcqzVeGCU3hxSAn4uY2CLCkeokkGKpoctccilQ==

"@vue/compiler-core@3.4.23":
  version "3.4.23"
  resolved "https://registry.yarnpkg.com/@vue/compiler-core/-/compiler-core-3.4.23.tgz#a08f5998e391ad75e602a66dd7255af9054df2f3"
  integrity sha512-HAFmuVEwNqNdmk+w4VCQ2pkLk1Vw4XYiiyxEp3z/xvl14aLTUBw2OfVH3vBcx+FtGsynQLkkhK410Nah1N2yyQ==
  dependencies:
    "@babel/parser" "^7.24.1"
    "@vue/shared" "3.4.23"
    entities "^4.5.0"
    estree-walker "^2.0.2"
    source-map-js "^1.2.0"

"@vue/compiler-dom@3.4.23":
  version "3.4.23"
  resolved "https://registry.yarnpkg.com/@vue/compiler-dom/-/compiler-dom-3.4.23.tgz#6fa622d1e5c8508551564c5dc5948e9cddf60867"
  integrity sha512-t0b9WSTnCRrzsBGrDd1LNR5HGzYTr7LX3z6nNBG+KGvZLqrT0mY6NsMzOqlVMBKKXKVuusbbB5aOOFgTY+senw==
  dependencies:
    "@vue/compiler-core" "3.4.23"
    "@vue/shared" "3.4.23"

"@vue/compiler-sfc@3.4.23":
  version "3.4.23"
  resolved "https://registry.yarnpkg.com/@vue/compiler-sfc/-/compiler-sfc-3.4.23.tgz#7041517b9bbd1b304f0db33bfa424e9a899fda8d"
  integrity sha512-fSDTKTfzaRX1kNAUiaj8JB4AokikzStWgHooMhaxyjZerw624L+IAP/fvI4ZwMpwIh8f08PVzEnu4rg8/Npssw==
  dependencies:
    "@babel/parser" "^7.24.1"
    "@vue/compiler-core" "3.4.23"
    "@vue/compiler-dom" "3.4.23"
    "@vue/compiler-ssr" "3.4.23"
    "@vue/shared" "3.4.23"
    estree-walker "^2.0.2"
    magic-string "^0.30.8"
    postcss "^8.4.38"
    source-map-js "^1.2.0"

"@vue/compiler-ssr@3.4.23":
  version "3.4.23"
  resolved "https://registry.yarnpkg.com/@vue/compiler-ssr/-/compiler-ssr-3.4.23.tgz#1ae4afe962a9e156b1a79eff909c37cd423dd4c2"
  integrity sha512-hb6Uj2cYs+tfqz71Wj6h3E5t6OKvb4MVcM2Nl5i/z1nv1gjEhw+zYaNOV+Xwn+SSN/VZM0DgANw5TuJfxfezPg==
  dependencies:
    "@vue/compiler-dom" "3.4.23"
    "@vue/shared" "3.4.23"

"@vue/devtools-api@^6.5.1":
  version "6.6.1"
  resolved "https://registry.yarnpkg.com/@vue/devtools-api/-/devtools-api-6.6.1.tgz#7c14346383751d9f6ad4bea0963245b30220ef83"
  integrity sha512-LgPscpE3Vs0x96PzSSB4IGVSZXZBZHpfxs+ZA1d+VEPwHdOXowy/Y2CsvCAIFrf+ssVU1pD1jidj505EpUnfbA==

"@vue/reactivity@3.4.23":
  version "3.4.23"
  resolved "https://registry.yarnpkg.com/@vue/reactivity/-/reactivity-3.4.23.tgz#f29044a90a24994af075e4368790f31fa29ed747"
  integrity sha512-GlXR9PL+23fQ3IqnbSQ8OQKLodjqCyoCrmdLKZk3BP7jN6prWheAfU7a3mrltewTkoBm+N7qMEb372VHIkQRMQ==
  dependencies:
    "@vue/shared" "3.4.23"

"@vue/runtime-core@3.4.23":
  version "3.4.23"
  resolved "https://registry.yarnpkg.com/@vue/runtime-core/-/runtime-core-3.4.23.tgz#21f6c7153c33f56081145c2819c2f194cbe3eb22"
  integrity sha512-FeQ9MZEXoFzFkFiw9MQQ/FWs3srvrP+SjDKSeRIiQHIhtkzoj0X4rWQlRNHbGuSwLra6pMyjAttwixNMjc/xLw==
  dependencies:
    "@vue/reactivity" "3.4.23"
    "@vue/shared" "3.4.23"

"@vue/runtime-dom@3.4.23":
  version "3.4.23"
  resolved "https://registry.yarnpkg.com/@vue/runtime-dom/-/runtime-dom-3.4.23.tgz#d5a9cca88b445de125c57e6b0d73faa2491e853f"
  integrity sha512-RXJFwwykZWBkMiTPSLEWU3kgVLNAfActBfWFlZd0y79FTUxexogd0PLG4HH2LfOktjRxV47Nulygh0JFXe5f9A==
  dependencies:
    "@vue/runtime-core" "3.4.23"
    "@vue/shared" "3.4.23"
    csstype "^3.1.3"

"@vue/server-renderer@3.4.23":
  version "3.4.23"
  resolved "https://registry.yarnpkg.com/@vue/server-renderer/-/server-renderer-3.4.23.tgz#e605872e26d995f5ba9382e8758cd8cc7fa2e16d"
  integrity sha512-LDwGHtnIzvKFNS8dPJ1SSU5Gvm36p2ck8wCZc52fc3k/IfjKcwCyrWEf0Yag/2wTFUBXrqizfhK9c/mC367dXQ==
  dependencies:
    "@vue/compiler-ssr" "3.4.23"
    "@vue/shared" "3.4.23"

"@vue/shared@3.4.23":
  version "3.4.23"
  resolved "https://registry.yarnpkg.com/@vue/shared/-/shared-3.4.23.tgz#e536a6dfd2f5f950d08c2e8ebcfe7e5329a851a1"
  integrity sha512-wBQ0gvf+SMwsCQOyusNw/GoXPV47WGd1xB5A1Pgzy0sQ3Bi5r5xm3n+92y3gCnB3MWqnRDdvfkRGxhKtbBRNgg==

anymatch@~3.1.2:
  version "3.1.3"
  resolved "https://registry.yarnpkg.com/anymatch/-/anymatch-3.1.3.tgz#790c58b19ba1720a84205b57c618d5ad8524973e"
  integrity sha512-KMReFUr0B4t+D+OBkjR3KYqvocp2XaSzO55UcB6mgQMd3KbcE+mWTyvVV7D/zsdEbNnV6acZUutkiHQXvTr1Rw==
  dependencies:
    normalize-path "^3.0.0"
    picomatch "^2.0.4"

binary-extensions@^2.0.0:
  version "2.3.0"
  resolved "https://registry.yarnpkg.com/binary-extensions/-/binary-extensions-2.3.0.tgz#f6e14a97858d327252200242d4ccfe522c445522"
  integrity sha512-Ceh+7ox5qe7LJuLHoY0feh3pHuUDHAcRUeyL2VYghZwfpkNIy/+8Ocg0a3UuSoYzavmylwuLWQOf3hl0jjMMIw==

braces@~3.0.2:
  version "3.0.2"
  resolved "https://registry.yarnpkg.com/braces/-/braces-3.0.2.tgz#3454e1a462ee8d599e236df336cd9ea4f8afe107"
  integrity sha512-b8um+L1RzM3WDSzvhm6gIz1yfTbBt6YTlcEKAvsmqCZZFw46z626lVj9j1yEPW33H5H+lBQpZMP1k8l+78Ha0A==
  dependencies:
    fill-range "^7.0.1"

"chokidar@>=3.0.0 <4.0.0":
  version "3.6.0"
  resolved "https://registry.yarnpkg.com/chokidar/-/chokidar-3.6.0.tgz#197c6cc669ef2a8dc5e7b4d97ee4e092c3eb0d5b"
  integrity sha512-7VT13fmjotKpGipCW9JEQAusEPE+Ei8nl6/g4FBAmIm0GOOLMua9NDDo/DWp0ZAxCr3cPq5ZpBqmPAQgDda2Pw==
  dependencies:
    anymatch "~3.1.2"
    braces "~3.0.2"
    glob-parent "~5.1.2"
    is-binary-path "~2.1.0"
    is-glob "~4.0.1"
    normalize-path "~3.0.0"
    readdirp "~3.6.0"
  optionalDependencies:
    fsevents "~2.3.2"

csstype@^3.1.3:
  version "3.1.3"
  resolved "https://registry.yarnpkg.com/csstype/-/csstype-3.1.3.tgz#d80ff294d114fb0e6ac500fbf85b60137d7eff81"
  integrity sha512-M1uQkMl8rQK/szD0LNhtqxIPLpimGm8sOBwU7lLnCpSbTyY3yeU1Vc7l4KT5zT4s/yOxHH5O7tIuuLOCnLADRw==

entities@^4.5.0:
  version "4.5.0"
  resolved "https://registry.yarnpkg.com/entities/-/entities-4.5.0.tgz#5d268ea5e7113ec74c4d033b79ea5a35a488fb48"
  integrity sha512-V0hjH4dGPh9Ao5p0MoRY6BVqtwCjhz6vI5LT8AJ55H+4g9/4vbHx1I54fS0XuclLhDHArPQCiMjDxjaL8fPxhw==

esbuild@^0.20.1:
  version "0.20.2"
  resolved "https://registry.yarnpkg.com/esbuild/-/esbuild-0.20.2.tgz#9d6b2386561766ee6b5a55196c6d766d28c87ea1"
  integrity sha512-WdOOppmUNU+IbZ0PaDiTst80zjnrOkyJNHoKupIcVyU8Lvla3Ugx94VzkQ32Ijqd7UhHJy75gNWDMUekcrSJ6g==
  optionalDependencies:
    "@esbuild/aix-ppc64" "0.20.2"
    "@esbuild/android-arm" "0.20.2"
    "@esbuild/android-arm64" "0.20.2"
    "@esbuild/android-x64" "0.20.2"
    "@esbuild/darwin-arm64" "0.20.2"
    "@esbuild/darwin-x64" "0.20.2"
    "@esbuild/freebsd-arm64" "0.20.2"
    "@esbuild/freebsd-x64" "0.20.2"
    "@esbuild/linux-arm" "0.20.2"
    "@esbuild/linux-arm64" "0.20.2"
    "@esbuild/linux-ia32" "0.20.2"
    "@esbuild/linux-loong64" "0.20.2"
    "@esbuild/linux-mips64el" "0.20.2"
    "@esbuild/linux-ppc64" "0.20.2"
    "@esbuild/linux-riscv64" "0.20.2"
    "@esbuild/linux-s390x" "0.20.2"
    "@esbuild/linux-x64" "0.20.2"
    "@esbuild/netbsd-x64" "0.20.2"
    "@esbuild/openbsd-x64" "0.20.2"
    "@esbuild/sunos-x64" "0.20.2"
    "@esbuild/win32-arm64" "0.20.2"
    "@esbuild/win32-ia32" "0.20.2"
    "@esbuild/win32-x64" "0.20.2"

estree-walker@^2.0.2:
  version "2.0.2"
  resolved "https://registry.yarnpkg.com/estree-walker/-/estree-walker-2.0.2.tgz#52f010178c2a4c117a7757cfe942adb7d2da4cac"
  integrity sha512-Rfkk/Mp/DL7JVje3u18FxFujQlTNR2q6QfMSMB7AvCBx91NGj/ba3kCfza0f6dVDbw7YlRf/nDrn7pQrCCyQ/w==

fill-range@^7.0.1:
  version "7.0.1"
  resolved "https://registry.yarnpkg.com/fill-range/-/fill-range-7.0.1.tgz#1919a6a7c75fe38b2c7c77e5198535da9acdda40"
  integrity sha512-qOo9F+dMUmC2Lcb4BbVvnKJxTPjCm+RRpe4gDuGrzkL7mEVl/djYSu2OdQ2Pa302N4oqkSg9ir6jaLWJ2USVpQ==
  dependencies:
    to-regex-range "^5.0.1"

fsevents@~2.3.2, fsevents@~2.3.3:
  version "2.3.3"
  resolved "https://registry.yarnpkg.com/fsevents/-/fsevents-2.3.3.tgz#cac6407785d03675a2a5e1a5305c697b347d90d6"
  integrity sha512-5xoDfX+fL7faATnagmWPpbFtwh/R77WmMMqqHGS65C3vvB0YHrgF+B1YmZ3441tMj5n63k0212XNoJwzlhffQw==

glob-parent@~5.1.2:
  version "5.1.2"
  resolved "https://registry.yarnpkg.com/glob-parent/-/glob-parent-5.1.2.tgz#869832c58034fe68a4093c17dc15e8340d8401c4"
  integrity sha512-AOIgSQCepiJYwP3ARnGx+5VnTu2HBYdzbGP45eLw1vr3zB3vZLeyed1sC9hnbcOc9/SrMyM5RPQrkGz4aS9Zow==
  dependencies:
    is-glob "^4.0.1"

immutable@^4.0.0:
  version "4.3.5"
  resolved "https://registry.yarnpkg.com/immutable/-/immutable-4.3.5.tgz#f8b436e66d59f99760dc577f5c99a4fd2a5cc5a0"
  integrity sha512-8eabxkth9gZatlwl5TBuJnCsoTADlL6ftEr7A4qgdaTsPyreilDSnUk57SO+jfKcNtxPa22U5KK6DSeAYhpBJw==

is-binary-path@~2.1.0:
  version "2.1.0"
  resolved "https://registry.yarnpkg.com/is-binary-path/-/is-binary-path-2.1.0.tgz#ea1f7f3b80f064236e83470f86c09c254fb45b09"
  integrity sha512-ZMERYes6pDydyuGidse7OsHxtbI7WVeUEozgR/g7rd0xUimYNlvZRE/K2MgZTjWy725IfelLeVcEM97mmtRGXw==
  dependencies:
    binary-extensions "^2.0.0"

is-extglob@^2.1.1:
  version "2.1.1"
  resolved "https://registry.yarnpkg.com/is-extglob/-/is-extglob-2.1.1.tgz#a88c02535791f02ed37c76a1b9ea9773c833f8c2"
  integrity sha512-SbKbANkN603Vi4jEZv49LeVJMn4yGwsbzZworEoyEiutsN3nJYdbO36zfhGJ6QEDpOZIFkDtnq5JRxmvl3jsoQ==

is-glob@^4.0.1, is-glob@~4.0.1:
  version "4.0.3"
  resolved "https://registry.yarnpkg.com/is-glob/-/is-glob-4.0.3.tgz#64f61e42cbbb2eec2071a9dac0b28ba1e65d5084"
  integrity sha512-xelSayHH36ZgE7ZWhli7pW34hNbNl8Ojv5KVmkJD4hBdD3th8Tfk9vYasLM+mXWOZhFkgZfxhLSnrwRr4elSSg==
  dependencies:
    is-extglob "^2.1.1"

is-number@^7.0.0:
  version "7.0.0"
  resolved "https://registry.yarnpkg.com/is-number/-/is-number-7.0.0.tgz#7535345b896734d5f80c4d06c50955527a14f12b"
  integrity sha512-41Cifkg6e8TylSpdtTpeLVMqvSBEVzTttHvERD741+pnZ8ANv0004MRL43QKPDlK9cGvNp6NZWZUBlbGXYxxng==

magic-string@^0.30.8:
  version "0.30.9"
  resolved "https://registry.yarnpkg.com/magic-string/-/magic-string-0.30.9.tgz#8927ae21bfdd856310e07a1bc8dd5e73cb6c251d"
  integrity sha512-S1+hd+dIrC8EZqKyT9DstTH/0Z+f76kmmvZnkfQVmOpDEF9iVgdYif3Q/pIWHmCoo59bQVGW0kVL3e2nl+9+Sw==
  dependencies:
    "@jridgewell/sourcemap-codec" "^1.4.15"

nanoid@^3.3.7:
  version "3.3.7"
  resolved "https://registry.yarnpkg.com/nanoid/-/nanoid-3.3.7.tgz#d0c301a691bc8d54efa0a2226ccf3fe2fd656bd8"
  integrity sha512-eSRppjcPIatRIMC1U6UngP8XFcz8MQWGQdt1MTBQ7NaAmvXDfvNxbvWV3x2y6CdEUciCSsDHDQZbhYaB8QEo2g==

normalize-path@^3.0.0, normalize-path@~3.0.0:
  version "3.0.0"
  resolved "https://registry.yarnpkg.com/normalize-path/-/normalize-path-3.0.0.tgz#0dcd69ff23a1c9b11fd0978316644a0388216a65"
  integrity sha512-6eZs5Ls3WtCisHWp9S2GUy8dqkpGi4BVSz3GaqiE6ezub0512ESztXUwUB6C6IKbQkY2Pnb/mD4WYojCRwcwLA==

picocolors@^1.0.0:
  version "1.0.0"
  resolved "https://registry.yarnpkg.com/picocolors/-/picocolors-1.0.0.tgz#cb5bdc74ff3f51892236eaf79d68bc44564ab81c"
  integrity sha512-1fygroTLlHu66zi26VoTDv8yRgm0Fccecssto+MhsZ0D/DGW2sm8E8AjW7NU5VVTRt5GxbeZ5qBuJr+HyLYkjQ==

picomatch@^2.0.4, picomatch@^2.2.1:
  version "2.3.1"
  resolved "https://registry.yarnpkg.com/picomatch/-/picomatch-2.3.1.tgz#3ba3833733646d9d3e4995946c1365a67fb07a42"
  integrity sha512-JU3teHTNjmE2VCGFzuY8EXzCDVwEqB2a8fsIvwaStHhAWJEeVd1o1QD80CU6+ZdEXXSLbSsuLwJjkCBWqRQUVA==

postcss@^8.4.38:
  version "8.4.38"
  resolved "https://registry.yarnpkg.com/postcss/-/postcss-8.4.38.tgz#b387d533baf2054288e337066d81c6bee9db9e0e"
  integrity sha512-Wglpdk03BSfXkHoQa3b/oulrotAkwrlLDRSOb9D0bN86FdRyE9lppSp33aHNPgBa0JKCoB+drFLZkQoRRYae5A==
  dependencies:
    nanoid "^3.3.7"
    picocolors "^1.0.0"
    source-map-js "^1.2.0"

readdirp@~3.6.0:
  version "3.6.0"
  resolved "https://registry.yarnpkg.com/readdirp/-/readdirp-3.6.0.tgz#74a370bd857116e245b29cc97340cd431a02a6c7"
  integrity sha512-hOS089on8RduqdbhvQ5Z37A0ESjsqz6qnRcffsMU3495FuTdqSm+7bhJ29JvIOsBDEEnan5DPu9t3To9VRlMzA==
  dependencies:
    picomatch "^2.2.1"

rollup@^4.13.0:
  version "4.15.0"
  resolved "https://registry.yarnpkg.com/rollup/-/rollup-4.15.0.tgz#3be428e4fe86297b1b3448f29515d978593d9d9a"
  integrity sha512-i0ir57IMF5o7YvNYyUNeIGG+IZaaucnGZAOsSctO2tPLXlCEaZzyBa+QhpHNSgtpyLMoDev2DyN6a7J1dQA8Tw==
  dependencies:
    "@types/estree" "1.0.5"
  optionalDependencies:
    "@rollup/rollup-android-arm-eabi" "4.15.0"
    "@rollup/rollup-android-arm64" "4.15.0"
    "@rollup/rollup-darwin-arm64" "4.15.0"
    "@rollup/rollup-darwin-x64" "4.15.0"
    "@rollup/rollup-linux-arm-gnueabihf" "4.15.0"
    "@rollup/rollup-linux-arm-musleabihf" "4.15.0"
    "@rollup/rollup-linux-arm64-gnu" "4.15.0"
    "@rollup/rollup-linux-arm64-musl" "4.15.0"
    "@rollup/rollup-linux-powerpc64le-gnu" "4.15.0"
    "@rollup/rollup-linux-riscv64-gnu" "4.15.0"
    "@rollup/rollup-linux-s390x-gnu" "4.15.0"
    "@rollup/rollup-linux-x64-gnu" "4.15.0"
    "@rollup/rollup-linux-x64-musl" "4.15.0"
    "@rollup/rollup-win32-arm64-msvc" "4.15.0"
    "@rollup/rollup-win32-ia32-msvc" "4.15.0"
    "@rollup/rollup-win32-x64-msvc" "4.15.0"
    fsevents "~2.3.2"

sass@^1.53.0:
  version "1.75.0"
  resolved "https://registry.yarnpkg.com/sass/-/sass-1.75.0.tgz#91bbe87fb02dfcc34e052ddd6ab80f60d392be6c"
  integrity sha512-ShMYi3WkrDWxExyxSZPst4/okE9ts46xZmJDSawJQrnte7M1V9fScVB+uNXOVKRBt0PggHOwoZcn8mYX4trnBw==
  dependencies:
    chokidar ">=3.0.0 <4.0.0"
    immutable "^4.0.0"
    source-map-js ">=0.6.2 <2.0.0"

"source-map-js@>=0.6.2 <2.0.0", source-map-js@^1.2.0:
  version "1.2.0"
  resolved "https://registry.yarnpkg.com/source-map-js/-/source-map-js-1.2.0.tgz#16b809c162517b5b8c3e7dcd315a2a5c2612b2af"
  integrity sha512-itJW8lvSA0TXEphiRoawsCksnlf8SyvmFzIhltqAHluXd88pkCd+cXJVHTDwdCr0IzwptSm035IHQktUu1QUMg==

to-regex-range@^5.0.1:
  version "5.0.1"
  resolved "https://registry.yarnpkg.com/to-regex-range/-/to-regex-range-5.0.1.tgz#1648c44aae7c8d988a326018ed72f5b4dd0392e4"
  integrity sha512-65P7iz6X5yEr1cwcgvQxbbIw7Uk3gOy5dIdtZ4rDveLqhrdJP+Li/Hx6tyK0NEb+2GCyneCMJiGqrADCSNk8sQ==
  dependencies:
    is-number "^7.0.0"

vite@^5.0.0:
  version "5.2.10"
  resolved "https://registry.yarnpkg.com/vite/-/vite-5.2.10.tgz#2ac927c91e99d51b376a5c73c0e4b059705f5bd7"
  integrity sha512-PAzgUZbP7msvQvqdSD+ErD5qGnSFiGOoWmV5yAKUEI0kdhjbH6nMWVyZQC/hSc4aXwc0oJ9aEdIiF9Oje0JFCw==
  dependencies:
    esbuild "^0.20.1"
    postcss "^8.4.38"
    rollup "^4.13.0"
  optionalDependencies:
    fsevents "~2.3.3"

vue-router@^4.0.16:
  version "4.3.2"
  resolved "https://registry.yarnpkg.com/vue-router/-/vue-router-4.3.2.tgz#08096c7765dacc6832f58e35f7a081a8b34116a7"
  integrity sha512-hKQJ1vDAZ5LVkKEnHhmm1f9pMiWIBNGF5AwU67PdH7TyXCj/a4hTccuUuYCAMgJK6rO/NVYtQIEN3yL8CECa7Q==
  dependencies:
    "@vue/devtools-api" "^6.5.1"

vue@^3.2.25:
  version "3.4.23"
  resolved "https://registry.yarnpkg.com/vue/-/vue-3.4.23.tgz#9d5a990a71c5bd5446f80377828e6587cfc488d5"
  integrity sha512-X1y6yyGJ28LMUBJ0k/qIeKHstGd+BlWQEOT40x3auJFTmpIhpbKLgN7EFsqalnJXq1Km5ybDEsp6BhuWKciUDg==
  dependencies:
    "@vue/compiler-dom" "3.4.23"
    "@vue/compiler-sfc" "3.4.23"
    "@vue/runtime-dom" "3.4.23"
    "@vue/server-renderer" "3.4.23"
    "@vue/shared" "3.4.23"
